
Microsoft Visual Studio Solution File, Format Version 12.00
# Visual Studio Version 16
VisualStudioVersion = 16.0.31205.134
MinimumVisualStudioVersion = 10.0.40219.1
Project("{FAE04EC0-301F-11D3-BF4B-00C04F79EFBC}") = "SpTest", "SpTest.csproj", "{DA5A28BB-ACCD-40B4-819F-55C7AFD0B5FD}"
EndProject
Global
	GlobalSection(SolutionConfigurationPlatforms) = preSolution
		Debug|Any CPU = Debug|Any CPU
		Release|Any CPU = Release|Any CPU
	EndGlobalSection
	GlobalSection(ProjectConfigurationPlatforms) = postSolution
		{DA5A28BB-ACCD-40B4-819F-55C7AFD0B5FD}.Debug|Any CPU.ActiveCfg = Debug|Any CPU
		{DA5A28BB-ACCD-40B4-819F-55C7AFD0B5FD}.Debug|Any CPU.Build.0 = Debug|Any CPU
		{DA5A28BB-ACCD-40B4-819F-55C7AFD0B5FD}.Release|Any CPU.ActiveCfg = Release|Any CPU
		{DA5A28BB-ACCD-40B4-819F-55C7AFD0B5FD}.Release|Any CPU.Build.0 = Release|Any CPU
	EndGlobalSection
	GlobalSection(SolutionProperties) = preSolution
		HideSolutionNode = FALSE
	EndGlobalSection
	GlobalSection(ExtensibilityGlobals) = postSolution
		SolutionGuid = {C871AC3F-6CB3-4327-A51C-20F91C3D5486}
	EndGlobalSection
EndGlobal
